
Microsoft Visual Studio Solution File, Format Version 12.00
# Visual Studio 2015
Project("{FAE04EC0-301F-11D3-BF4B-00C04F79EFBC}") = "UI & Stat Scene", "UI & Stat Scene.csproj", "{AF134207-E093-C826-137E-11FA99D632EC}"
EndProject
Global
	GlobalSection(SolutionConfigurationPlatforms) = preSolution
		Debug|Any CPU = Debug|Any CPU
		Release|Any CPU = Release|Any CPU
	EndGlobalSection
	GlobalSection(ProjectConfigurationPlatforms) = postSolution
		{AF134207-E093-C826-137E-11FA99D632EC}.Debug|Any CPU.ActiveCfg = Debug|Any CPU
		{AF134207-E093-C826-137E-11FA99D632EC}.Debug|Any CPU.Build.0 = Debug|Any CPU
		{AF134207-E093-C826-137E-11FA99D632EC}.Release|Any CPU.ActiveCfg = Release|Any CPU
		{AF134207-E093-C826-137E-11FA99D632EC}.Release|Any CPU.Build.0 = Release|Any CPU
	EndGlobalSection
	GlobalSection(SolutionProperties) = preSolution
		HideSolutionNode = FALSE
	EndGlobalSection
EndGlobal
